
Microsoft Visual Studio Solution File, Format Version 12.00
# Visual Studio 15
VisualStudioVersion = 15.0.28307.329
MinimumVisualStudioVersion = 10.0.40219.1
Project("{F2A71F9B-5D33-465A-A702-920D77279786}") = "problem_set1", "problem_set1\problem_set1.fsproj", "{08B75B77-EEAD-433A-AF70-6789107F8C12}"
EndProject
Global
	GlobalSection(SolutionConfigurationPlatforms) = preSolution
		Debug|Any CPU = Debug|Any CPU
		Release|Any CPU = Release|Any CPU
	EndGlobalSection
	GlobalSection(ProjectConfigurationPlatforms) = postSolution
		{08B75B77-EEAD-433A-AF70-6789107F8C12}.Debug|Any CPU.ActiveCfg = Debug|Any CPU
		{08B75B77-EEAD-433A-AF70-6789107F8C12}.Debug|Any CPU.Build.0 = Debug|Any CPU
		{08B75B77-EEAD-433A-AF70-6789107F8C12}.Release|Any CPU.ActiveCfg = Release|Any CPU
		{08B75B77-EEAD-433A-AF70-6789107F8C12}.Release|Any CPU.Build.0 = Release|Any CPU
	EndGlobalSection
	GlobalSection(SolutionProperties) = preSolution
		HideSolutionNode = FALSE
	EndGlobalSection
	GlobalSection(ExtensibilityGlobals) = postSolution
		SolutionGuid = {8F36037D-58D2-4108-B59C-DB6A71D42FBB}
	EndGlobalSection
EndGlobal
